// !$*UTF8*$!
{
	archiveVersion = 1;
	classes = {
	};
	objectVersion = 50;
	objects = {

/* Begin PBXBuildFile section */
		75D905B922496F66003C914A /* AppDelegate.swift in Sources */ = {isa = PBXBuildFile; fileRef = 75D905B822496F66003C914A /* AppDelegate.swift */; };
		75D905BB22496F66003C914A /* ListTableViewController.swift in Sources */ = {isa = PBXBuildFile; fileRef = 75D905BA22496F66003C914A /* ListTableViewController.swift */; };
		75D905BE22496F66003C914A /* Main.storyboard in Resources */ = {isa = PBXBuildFile; fileRef = 75D905BC22496F66003C914A /* Main.storyboard */; };
		75D905C022496F68003C914A /* Assets.xcassets in Resources */ = {isa = PBXBuildFile; fileRef = 75D905BF22496F68003C914A /* Assets.xcassets */; };
		75D905C322496F68003C914A /* LaunchScreen.storyboard in Resources */ = {isa = PBXBuildFile; fileRef = 75D905C122496F68003C914A /* LaunchScreen.storyboard */; };
		75D905CE224974F5003C914A /* ParallaxCell.swift in Sources */ = {isa = PBXBuildFile; fileRef = 75D905CD224974F5003C914A /* ParallaxCell.swift */; };
		75D905D022497734003C914A /* Image+Names.swift in Sources */ = {isa = PBXBuildFile; fileRef = 75D905CF22497734003C914A /* Image+Names.swift */; };
/* End PBXBuildFile section */

/* Begin PBXFileReference section */
		75D905B522496F66003C914A /* Listry.app */ = {isa = PBXFileReference; explicitFileType = wrapper.application; includeInIndex = 0; path = Listry.app; sourceTree = BUILT_PRODUCTS_DIR; };
		75D905B822496F66003C914A /* AppDelegate.swift */ = {isa = PBXFileReference; lastKnownFileType = sourcecode.swift; path = AppDelegate.swift; sourceTree = "<group>"; };
		75D905BA22496F66003C914A /* ListTableViewController.swift */ = {isa = PBXFileReference; lastKnownFileType = sourcecode.swift; path = ListTableViewController.swift; sourceTree = "<group>"; };
		75D905BD22496F66003C914A /* Base */ = {isa = PBXFileReference; lastKnownFileType = file.storyboard; name = Base; path = Base.lproj/Main.storyboard; sourceTree = "<group>"; };
		75D905BF22496F68003C914A /* Assets.xcassets */ = {isa = PBXFileReference; lastKnownFileType = folder.assetcatalog; path = Assets.xcassets; sourceTree = "<group>"; };
		75D905C222496F68003C914A /* Base */ = {isa = PBXFileReference; lastKnownFileType = file.storyboard; name = Base; path = Base.lproj/LaunchScreen.storyboard; sourceTree = "<group>"; };
		75D905C422496F68003C914A /* Info.plist */ = {isa = PBXFileReference; lastKnownFileType = text.plist.xml; path = Info.plist; sourceTree = "<group>"; };
		75D905CD224974F5003C914A /* ParallaxCell.swift */ = {isa = PBXFileReference; lastKnownFileType = sourcecode.swift; path = ParallaxCell.swift; sourceTree = "<group>"; };
		75D905CF22497734003C914A /* Image+Names.swift */ = {isa = PBXFileReference; lastKnownFileType = sourcecode.swift; path = "Image+Names.swift"; sourceTree = "<group>"; };
/* End PBXFileReference section */

/* Begin PBXFrameworksBuildPhase section */
		75D905B222496F66003C914A /* Frameworks */ = {
			isa = PBXFrameworksBuildPhase;
			buildActionMask = 2147483647;
			files = (
			);
			runOnlyForDeploymentPostprocessing = 0;
		};
/* End PBXFrameworksBuildPhase section */

/* Begin PBXGroup section */
		75D905AC22496F66003C914A = {
			isa = PBXGroup;
			children = (
				75D905B722496F66003C914A /* Listry */,
				75D905B622496F66003C914A /* Products */,
			);
			sourceTree = "<group>";
		};
		75D905B622496F66003C914A /* Products */ = {
			isa = PBXGroup;
			children = (
				75D905B522496F66003C914A /* Listry.app */,
			);
			name = Products;
			sourceTree = "<group>";
		};
		75D905B722496F66003C914A /* Listry */ = {
			isa = PBXGroup;
			children = (
				75D905CC22496F7E003C914A /* Model */,
				75D905CB22496F76003C914A /* View */,
				75D905CA22496F6F003C914A /* Controller */,
				75D905B822496F66003C914A /* AppDelegate.swift */,
				75D905BC22496F66003C914A /* Main.storyboard */,
				75D905BF22496F68003C914A /* Assets.xcassets */,
				75D905C122496F68003C914A /* LaunchScreen.storyboard */,
				75D905C422496F68003C914A /* Info.plist */,
				75D905CF22497734003C914A /* Image+Names.swift */,
			);
			path = Listry;
			sourceTree = "<group>";
		};
		75D905CA22496F6F003C914A /* Controller */ = {
			isa = PBXGroup;
			children = (
				75D905BA22496F66003C914A /* ListTableViewController.swift */,
			);
			path = Controller;
			sourceTree = "<group>";
		};
		75D905CB22496F76003C914A /* View */ = {
			isa = PBXGroup;
			children = (
				75D905CD224974F5003C914A /* ParallaxCell.swift */,
			);
			path = View;
			sourceTree = "<group>";
		};
		75D905CC22496F7E003C914A /* Model */ = {
			isa = PBXGroup;
			children = (
			);
			path = Model;
			sourceTree = "<group>";
		};
/* End PBXGroup section */

/* Begin PBXNativeTarget section */
		75D905B422496F66003C914A /* Listry */ = {
			isa = PBXNativeTarget;
			buildConfigurationList = 75D905C722496F68003C914A /* Build configuration list for PBXNativeTarget "Listry" */;
			buildPhases = (
				75D905B122496F66003C914A /* Sources */,
				75D905B222496F66003C914A /* Frameworks */,
				75D905B322496F66003C914A /* Resources */,
			);
			buildRules = (
			);
			dependencies = (
			);
			name = Listry;
			productName = Listry;
			productReference = 75D905B522496F66003C914A /* Listry.app */;
			productType = "com.apple.product-type.application";
		};
/* End PBXNativeTarget section */

/* Begin PBXProject section */
		75D905AD22496F66003C914A /* Project object */ = {
			isa = PBXProject;
			attributes = {
				LastSwiftUpdateCheck = 0940;
				LastUpgradeCheck = 0940;
				ORGANIZATIONNAME = "Molnár Csaba";
				TargetAttributes = {
					75D905B422496F66003C914A = {
						CreatedOnToolsVersion = 9.4.1;
					};
				};
			};
			buildConfigurationList = 75D905B022496F66003C914A /* Build configuration list for PBXProject "Listry" */;
			compatibilityVersion = "Xcode 9.3";
			developmentRegion = en;
			hasScannedForEncodings = 0;
			knownRegions = (
				en,
				Base,
			);
			mainGroup = 75D905AC22496F66003C914A;
			productRefGroup = 75D905B622496F66003C914A /* Products */;
			projectDirPath = "";
			projectRoot = "";
			targets = (
				75D905B422496F66003C914A /* Listry */,
			);
		};
/* End PBXProject section */

/* Begin PBXResourcesBuildPhase section */
		75D905B322496F66003C914A /* Resources */ = {
			isa = PBXResourcesBuildPhase;
			buildActionMask = 2147483647;
			files = (
				75D905C322496F68003C914A /* LaunchScreen.storyboard in Resources */,
				75D905C022496F68003C914A /* Assets.xcassets in Resources */,
				75D905BE22496F66003C914A /* Main.storyboard in Resources */,
			);
			runOnlyForDeploymentPostprocessing = 0;
		};
/* End PBXResourcesBuildPhase section */

/* Begin PBXSourcesBuildPhase section */
		75D905B122496F66003C914A /* Sources */ = {
			isa = PBXSourcesBuildPhase;
			buildActionMask = 2147483647;
			files = (
				75D905CE224974F5003C914A /* ParallaxCell.swift in Sources */,
				75D905BB22496F66003C914A /* ListTableViewController.swift in Sources */,
				75D905D022497734003C914A /* Image+Names.swift in Sources */,
				75D905B922496F66003C914A /* AppDelegate.swift in Sources */,
			);
			runOnlyForDeploymentPostprocessing = 0;
		};
/* End PBXSourcesBuildPhase section */

/* Begin PBXVariantGroup section */
		75D905BC22496F66003C914A /* Main.storyboard */ = {
			isa = PBXVariantGroup;
			children = (
				75D905BD22496F66003C914A /* Base */,
			);
			name = Main.storyboard;
			sourceTree = "<group>";
		};
		75D905C122496F68003C914A /* LaunchScreen.storyboard */ = {
			isa = PBXVariantGroup;
			children = (
				75D905C222496F68003C914A /* Base */,
			);
			name = LaunchScreen.storyboard;
			sourceTree = "<group>";
		};
/* End PBXVariantGroup section */

/* Begin XCBuildConfiguration section */
		75D905C522496F68003C914A /* Debug */ = {
			isa = XCBuildConfiguration;
			buildSettings = {
				ALWAYS_SEARCH_USER_PATHS = NO;
				CLANG_ANALYZER_NONNULL = YES;
				CLANG_ANALYZER_NUMBER_OBJECT_CONVERSION = YES_AGGRESSIVE;
				CLANG_CXX_LANGUAGE_STANDARD = "gnu++14";
				CLANG_CXX_LIBRARY = "libc++";
				CLANG_ENABLE_MODULES = YES;
				CLANG_ENABLE_OBJC_ARC = YES;
				CLANG_ENABLE_OBJC_WEAK = YES;
				CLANG_WARN_BLOCK_CAPTURE_AUTORELEASING = YES;
				CLANG_WARN_BOOL_CONVERSION = YES;
				CLANG_WARN_COMMA = YES;
				CLANG_WARN_CONSTANT_CONVERSION = YES;
				CLANG_WARN_DEPRECATED_OBJC_IMPLEMENTATIONS = YES;
				CLANG_WARN_DIRECT_OBJC_ISA_USAGE = YES_ERROR;
				CLANG_WARN_DOCUMENTATION_COMMENTS = YES;
				CLANG_WARN_EMPTY_BODY = YES;
				CLANG_WARN_ENUM_CONVERSION = YES;
				CLANG_WARN_INFINITE_RECURSION = YES;
				CLANG_WARN_INT_CONVERSION = YES;
				CLANG_WARN_NON_LITERAL_NULL_CONVERSION = YES;
				CLANG_WARN_OBJC_IMPLICIT_RETAIN_SELF = YES;
				CLANG_WARN_OBJC_LITERAL_CONVERSION = YES;
				CLANG_WARN_OBJC_ROOT_CLASS = YES_ERROR;
				CLANG_WARN_RANGE_LOOP_ANALYSIS = YES;
				CLANG_WARN_STRICT_PROTOTYPES = YES;
				CLANG_WARN_SUSPICIOUS_MOVE = YES;
				CLANG_WARN_UNGUARDED_AVAILABILITY = YES_AGGRESSIVE;
				CLANG_WARN_UNREACHABLE_CODE = YES;
				CLANG_WARN__DUPLICATE_METHOD_MATCH = YES;
				CODE_SIGN_IDENTITY = "iPhone Developer";
				COPY_PHASE_STRIP = NO;
				DEBUG_INFORMATION_FORMAT = dwarf;
				ENABLE_STRICT_OBJC_MSGSEND = YES;
				ENABLE_TESTABILITY = YES;
				GCC_C_LANGUAGE_STANDARD = gnu11;
				GCC_DYNAMIC_NO_PIC = NO;
				GCC_NO_COMMON_BLOCKS = YES;
				GCC_OPTIMIZATION_LEVEL = 0;
				GCC_PREPROCESSOR_DEFINITIONS = (
					"DEBUG=1",
					"$(inherited)",
				);
				GCC_WARN_64_TO_32_BIT_CONVERSION = YES;
				GCC_WARN_ABOUT_RETURN_TYPE = YES_ERROR;
				GCC_WARN_UNDECLARED_SELECTOR = YES;
				GCC_WARN_UNINITIALIZED_AUTOS = YES_AGGRESSIVE;
				GCC_WARN_UNUSED_FUNCTION = YES;
				GCC_WARN_UNUSED_VARIABLE = YES;
				IPHONEOS_DEPLOYMENT_TARGET = 11.4;
				MTL_ENABLE_DEBUG_INFO = YES;
				ONLY_ACTIVE_ARCH = YES;
				SDKROOT = iphoneos;
				SWIFT_ACTIVE_COMPILATION_CONDITIONS = DEBUG;
				SWIFT_OPTIMIZATION_LEVEL = "-Onone";
			};
			name = Debug;
		};
		75D905C622496F68003C914A /* Release */ = {
			isa = XCBuildConfiguration;
			buildSettings = {
				ALWAYS_SEARCH_USER_PATHS = NO;
				CLANG_ANALYZER_NONNULL = YES;
				CLANG_ANALYZER_NUMBER_OBJECT_CONVERSION = YES_AGGRESSIVE;
				CLANG_CXX_LANGUAGE_STANDARD = "gnu++14";
				CLANG_CXX_LIBRARY = "libc++";
				CLANG_ENABLE_MODULES = YES;
				CLANG_ENABLE_OBJC_ARC = YES;
				CLANG_ENABLE_OBJC_WEAK = YES;
				CLANG_WARN_BLOCK_CAPTURE_AUTORELEASING = YES;
				CLANG_WARN_BOOL_CONVERSION = YES;
				CLANG_WARN_COMMA = YES;
				CLANG_WARN_CONSTANT_CONVERSION = YES;
				CLANG_WARN_DEPRECATED_OBJC_IMPLEMENTATIONS = YES;
				CLANG_WARN_DIRECT_OBJC_ISA_USAGE = YES_ERROR;
				CLANG_WARN_DOCUMENTATION_COMMENTS = YES;
				CLANG_WARN_EMPTY_BODY = YES;
				CLANG_WARN_ENUM_CONVERSION = YES;
				CLANG_WARN_INFINITE_RECURSION = YES;
				CLANG_WARN_INT_CONVERSION = YES;
				CLANG_WARN_NON_LITERAL_NULL_CONVERSION = YES;
				CLANG_WARN_OBJC_IMPLICIT_RETAIN_SELF = YES;
				CLANG_WARN_OBJC_LITERAL_CONVERSION = YES;
				CLANG_WARN_OBJC_ROOT_CLASS = YES_ERROR;
				CLANG_WARN_RANGE_LOOP_ANALYSIS = YES;
				CLANG_WARN_STRICT_PROTOTYPES = YES;
				CLANG_WARN_SUSPICIOUS_MOVE = YES;
				CLANG_WARN_UNGUARDED_AVAILABILITY = YES_AGGRESSIVE;
				CLANG_WARN_UNREACHABLE_CODE = YES;
				CLANG_WARN__DUPLICATE_METHOD_MATCH = YES;
				CODE_SIGN_IDENTITY = "iPhone Developer";
				COPY_PHASE_STRIP = NO;
				DEBUG_INFORMATION_FORMAT = "dwarf-with-dsym";
				ENABLE_NS_ASSERTIONS = NO;
				ENABLE_STRICT_OBJC_MSGSEND = YES;
				GCC_C_LANGUAGE_STANDARD = gnu11;
				GCC_NO_COMMON_BLOCKS = YES;
				GCC_WARN_64_TO_32_BIT_CONVERSION = YES;
				GCC_WARN_ABOUT_RETURN_TYPE = YES_ERROR;
				GCC_WARN_UNDECLARED_SELECTOR = YES;
				GCC_WARN_UNINITIALIZED_AUTOS = YES_AGGRESSIVE;
				GCC_WARN_UNUSED_FUNCTION = YES;
				GCC_WARN_UNUSED_VARIABLE = YES;
				IPHONEOS_DEPLOYMENT_TARGET = 11.4;
				MTL_ENABLE_DEBUG_INFO = NO;
				SDKROOT = iphoneos;
				SWIFT_COMPILATION_MODE = wholemodule;
				SWIFT_OPTIMIZATION_LEVEL = "-O";
				VALIDATE_PRODUCT = YES;
			};
			name = Release;
		};
		75D905C822496F68003C914A /* Debug */ = {
			isa = XCBuildConfiguration;
			buildSettings = {
				ASSETCATALOG_COMPILER_APPICON_NAME = AppIcon;
				CODE_SIGN_STYLE = Automatic;
				INFOPLIST_FILE = Listry/Info.plist;
				LD_RUNPATH_SEARCH_PATHS = (
					"$(inherited)",
					"@executable_path/Frameworks",
				);
				PRODUCT_BUNDLE_IDENTIFIER = Ironbatpug.Listry;
				PRODUCT_NAME = "$(TARGET_NAME)";
				SWIFT_VERSION = 4.0;
				TARGETED_DEVICE_FAMILY = "1,2";
			};
			name = Debug;
		};
		75D905C922496F68003C914A /* Release */ = {
			isa = XCBuildConfiguration;
			buildSettings = {
				ASSETCATALOG_COMPILER_APPICON_NAME = AppIcon;
				CODE_SIGN_STYLE = Automatic;
				INFOPLIST_FILE = Listry/Info.plist;
				LD_RUNPATH_SEARCH_PATHS = (
					"$(inherited)",
					"@executable_path/Frameworks",
				);
				PRODUCT_BUNDLE_IDENTIFIER = Ironbatpug.Listry;
				PRODUCT_NAME = "$(TARGET_NAME)";
				SWIFT_VERSION = 4.0;
				TARGETED_DEVICE_FAMILY = "1,2";
			};
			name = Release;
		};
/* End XCBuildConfiguration section */

/* Begin XCConfigurationList section */
		75D905B022496F66003C914A /* Build configuration list for PBXProject "Listry" */ = {
			isa = XCConfigurationList;
			buildConfigurations = (
				75D905C522496F68003C914A /* Debug */,
				75D905C622496F68003C914A /* Release */,
			);
			defaultConfigurationIsVisible = 0;
			defaultConfigurationName = Release;
		};
		75D905C722496F68003C914A /* Build configuration list for PBXNativeTarget "Listry" */ = {
			isa = XCConfigurationList;
			buildConfigurations = (
				75D905C822496F68003C914A /* Debug */,
				75D905C922496F68003C914A /* Release */,
			);
			defaultConfigurationIsVisible = 0;
			defaultConfigurationName = Release;
		};
/* End XCConfigurationList section */
	};
	rootObject = 75D905AD22496F66003C914A /* Project object */;
}
